
Microsoft Visual Studio Solution File, Format Version 12.00
# Visual Studio Version 16
VisualStudioVersion = 16.0.32126.315
MinimumVisualStudioVersion = 10.0.40219.1
Project("{FAE04EC0-301F-11D3-BF4B-00C04F79EFBC}") = "uzayoyunuproje.Desktop", "uzayoyunuodev.Desktop\uzayoyunuproje.Desktop.csproj", "{80F3BAD9-BD1D-438B-85BE-5AF519014AC9}"
EndProject
Project("{FAE04EC0-301F-11D3-BF4B-00C04F79EFBC}") = "uzayoyunuproje.Library", "Uzay.Library\uzayoyunuproje.Library.csproj", "{6D472F50-9599-405A-8CD8-B012A7A70627}"
EndProject
Global
	GlobalSection(SolutionConfigurationPlatforms) = preSolution
		Debug|Any CPU = Debug|Any CPU
		Release|Any CPU = Release|Any CPU
	EndGlobalSection
	GlobalSection(ProjectConfigurationPlatforms) = postSolution
		{80F3BAD9-BD1D-438B-85BE-5AF519014AC9}.Debug|Any CPU.ActiveCfg = Debug|Any CPU
		{80F3BAD9-BD1D-438B-85BE-5AF519014AC9}.Debug|Any CPU.Build.0 = Debug|Any CPU
		{80F3BAD9-BD1D-438B-85BE-5AF519014AC9}.Release|Any CPU.ActiveCfg = Release|Any CPU
		{80F3BAD9-BD1D-438B-85BE-5AF519014AC9}.Release|Any CPU.Build.0 = Release|Any CPU
		{6D472F50-9599-405A-8CD8-B012A7A70627}.Debug|Any CPU.ActiveCfg = Debug|Any CPU
		{6D472F50-9599-405A-8CD8-B012A7A70627}.Debug|Any CPU.Build.0 = Debug|Any CPU
		{6D472F50-9599-405A-8CD8-B012A7A70627}.Release|Any CPU.ActiveCfg = Release|Any CPU
		{6D472F50-9599-405A-8CD8-B012A7A70627}.Release|Any CPU.Build.0 = Release|Any CPU
	EndGlobalSection
	GlobalSection(SolutionProperties) = preSolution
		HideSolutionNode = FALSE
	EndGlobalSection
	GlobalSection(ExtensibilityGlobals) = postSolution
		SolutionGuid = {BB2169B4-9D13-4502-8E69-F198DE1F1C50}
	EndGlobalSection
EndGlobal
